
Microsoft Visual Studio Solution File, Format Version 12.00
# Visual Studio 15
VisualStudioVersion = 15.0.28010.2046
MinimumVisualStudioVersion = 10.0.40219.1
Project("{F2A71F9B-5D33-465A-A702-920D77279786}") = "FuelManagement", "FuelManagement\FuelManagement.fsproj", "{782F7883-D2C6-4383-B118-B86CB67EB25D}"
EndProject
Global
	GlobalSection(SolutionConfigurationPlatforms) = preSolution
		Debug|Any CPU = Debug|Any CPU
		Release|Any CPU = Release|Any CPU
	EndGlobalSection
	GlobalSection(ProjectConfigurationPlatforms) = postSolution
		{782F7883-D2C6-4383-B118-B86CB67EB25D}.Debug|Any CPU.ActiveCfg = Debug|Any CPU
		{782F7883-D2C6-4383-B118-B86CB67EB25D}.Debug|Any CPU.Build.0 = Debug|Any CPU
		{782F7883-D2C6-4383-B118-B86CB67EB25D}.Release|Any CPU.ActiveCfg = Release|Any CPU
		{782F7883-D2C6-4383-B118-B86CB67EB25D}.Release|Any CPU.Build.0 = Release|Any CPU
	EndGlobalSection
	GlobalSection(SolutionProperties) = preSolution
		HideSolutionNode = FALSE
	EndGlobalSection
	GlobalSection(ExtensibilityGlobals) = postSolution
		SolutionGuid = {1B814C28-5A8B-4F88-AC60-043998605A5D}
	EndGlobalSection
EndGlobal
